
Microsoft Visual Studio Solution File, Format Version 12.00
# Visual Studio Version 17
VisualStudioVersion = 17.14.36804.6 d17.14
MinimumVisualStudioVersion = 10.0.40219.1
Project("{FAE04EC0-301F-11D3-BF4B-00C04F79EFBC}") = "HermesPrtgDemo", "HermesPrtgDemo.csproj", "{F4590A34-DB78-4E2A-8CE2-7413EE558975}"
EndProject
Global
	GlobalSection(SolutionConfigurationPlatforms) = preSolution
		Debug|Any CPU = Debug|Any CPU
		Release|Any CPU = Release|Any CPU
	EndGlobalSection
	GlobalSection(ProjectConfigurationPlatforms) = postSolution
		{F4590A34-DB78-4E2A-8CE2-7413EE558975}.Debug|Any CPU.ActiveCfg = Debug|Any CPU
		{F4590A34-DB78-4E2A-8CE2-7413EE558975}.Debug|Any CPU.Build.0 = Debug|Any CPU
		{F4590A34-DB78-4E2A-8CE2-7413EE558975}.Release|Any CPU.ActiveCfg = Release|Any CPU
		{F4590A34-DB78-4E2A-8CE2-7413EE558975}.Release|Any CPU.Build.0 = Release|Any CPU
	EndGlobalSection
	GlobalSection(SolutionProperties) = preSolution
		HideSolutionNode = FALSE
	EndGlobalSection
	GlobalSection(ExtensibilityGlobals) = postSolution
		SolutionGuid = {DAD1C5C6-C39F-423D-89B6-1F00B718ABB9}
	EndGlobalSection
EndGlobal
